
Microsoft Visual Studio Solution File, Format Version 12.00
# Visual Studio Version 17
VisualStudioVersion = 17.14.36717.8
MinimumVisualStudioVersion = 10.0.40219.1
Project("{FAE04EC0-301F-11D3-BF4B-00C04F79EFBC}") = "RabbitMessageBroker", "RabbitMessageBroker\RabbitMessageBroker.csproj", "{91F998C9-434E-F70F-ECE0-85D96DF3938B}"
EndProject
Project("{FAE04EC0-301F-11D3-BF4B-00C04F79EFBC}") = "RabbitMessageConsumer", "RabbitMessageConsumer\RabbitMessageConsumer.csproj", "{30961661-8BF2-345E-5528-90F7CB801434}"
EndProject
Project("{2150E333-8FDC-42A3-9474-1A3956D46DE8}") = "Solution Items", "Solution Items", "{8EC462FD-D22E-90A8-E5CE-7E832BA40C5D}"
	ProjectSection(SolutionItems) = preProject
		README.md = README.md
	EndProjectSection
EndProject
Global
	GlobalSection(SolutionConfigurationPlatforms) = preSolution
		Debug|Any CPU = Debug|Any CPU
		Release|Any CPU = Release|Any CPU
	EndGlobalSection
	GlobalSection(ProjectConfigurationPlatforms) = postSolution
		{91F998C9-434E-F70F-ECE0-85D96DF3938B}.Debug|Any CPU.ActiveCfg = Debug|Any CPU
		{91F998C9-434E-F70F-ECE0-85D96DF3938B}.Debug|Any CPU.Build.0 = Debug|Any CPU
		{91F998C9-434E-F70F-ECE0-85D96DF3938B}.Release|Any CPU.ActiveCfg = Release|Any CPU
		{91F998C9-434E-F70F-ECE0-85D96DF3938B}.Release|Any CPU.Build.0 = Release|Any CPU
		{30961661-8BF2-345E-5528-90F7CB801434}.Debug|Any CPU.ActiveCfg = Debug|Any CPU
		{30961661-8BF2-345E-5528-90F7CB801434}.Debug|Any CPU.Build.0 = Debug|Any CPU
		{30961661-8BF2-345E-5528-90F7CB801434}.Release|Any CPU.ActiveCfg = Release|Any CPU
		{30961661-8BF2-345E-5528-90F7CB801434}.Release|Any CPU.Build.0 = Release|Any CPU
	EndGlobalSection
	GlobalSection(SolutionProperties) = preSolution
		HideSolutionNode = FALSE
	EndGlobalSection
	GlobalSection(ExtensibilityGlobals) = postSolution
		SolutionGuid = {325BCCAA-0E98-4433-A94C-015E679221EF}
	EndGlobalSection
EndGlobal
